
Microsoft Visual Studio Solution File, Format Version 12.00
# Visual Studio Version 17
VisualStudioVersion = 17.9.34607.119
MinimumVisualStudioVersion = 10.0.40219.1
Project("{9A19103F-16F7-4668-BE54-9A1E7A4F7556}") = "Csharp_PrevencionIncendiosXUNIT", "Csharp_PrevencionIncendiosXUNIT\Csharp_PrevencionIncendiosXUNIT.csproj", "{8F8BE40D-464B-4AAB-9A88-63DDCE5845B7}"
EndProject
Project("{9A19103F-16F7-4668-BE54-9A1E7A4F7556}") = "TestXUNIT", "TestXUNIT\TestXUNIT.csproj", "{03B76A22-E610-4906-8D84-9F9E4A84EE3B}"
EndProject
Project("{54435603-DBB4-11D2-8724-00A0C9A8B90C}") = "Ejecutable", "Ejecutable\Ejecutable.vdproj", "{368F3D03-6C8F-4088-8C48-5A62F42765FA}"
EndProject
Global
	GlobalSection(SolutionConfigurationPlatforms) = preSolution
		Debug|Any CPU = Debug|Any CPU
		Release|Any CPU = Release|Any CPU
	EndGlobalSection
	GlobalSection(ProjectConfigurationPlatforms) = postSolution
		{8F8BE40D-464B-4AAB-9A88-63DDCE5845B7}.Debug|Any CPU.ActiveCfg = Debug|Any CPU
		{8F8BE40D-464B-4AAB-9A88-63DDCE5845B7}.Debug|Any CPU.Build.0 = Debug|Any CPU
		{8F8BE40D-464B-4AAB-9A88-63DDCE5845B7}.Release|Any CPU.ActiveCfg = Release|Any CPU
		{8F8BE40D-464B-4AAB-9A88-63DDCE5845B7}.Release|Any CPU.Build.0 = Release|Any CPU
		{03B76A22-E610-4906-8D84-9F9E4A84EE3B}.Debug|Any CPU.ActiveCfg = Debug|Any CPU
		{03B76A22-E610-4906-8D84-9F9E4A84EE3B}.Debug|Any CPU.Build.0 = Debug|Any CPU
		{03B76A22-E610-4906-8D84-9F9E4A84EE3B}.Release|Any CPU.ActiveCfg = Release|Any CPU
		{03B76A22-E610-4906-8D84-9F9E4A84EE3B}.Release|Any CPU.Build.0 = Release|Any CPU
		{368F3D03-6C8F-4088-8C48-5A62F42765FA}.Debug|Any CPU.ActiveCfg = Debug
		{368F3D03-6C8F-4088-8C48-5A62F42765FA}.Release|Any CPU.ActiveCfg = Release
	EndGlobalSection
	GlobalSection(SolutionProperties) = preSolution
		HideSolutionNode = FALSE
	EndGlobalSection
	GlobalSection(ExtensibilityGlobals) = postSolution
		SolutionGuid = {EA542DC7-3D0C-45F2-9F31-0F926EAEE13D}
	EndGlobalSection
EndGlobal
